
Microsoft Visual Studio Solution File, Format Version 12.00
# Visual Studio Version 16
VisualStudioVersion = 16.0.30114.105
MinimumVisualStudioVersion = 10.0.40219.1
Project("{FAE04EC0-301F-11D3-BF4B-00C04F79EFBC}") = "OnlienShopping", "OnlienShopping\OnlienShopping.csproj", "{7DE67A5A-508C-4A26-A062-F8AD2A40DE62}"
EndProject
Global
	GlobalSection(SolutionConfigurationPlatforms) = preSolution
		Debug|Any CPU = Debug|Any CPU
		Release|Any CPU = Release|Any CPU
	EndGlobalSection
	GlobalSection(ProjectConfigurationPlatforms) = postSolution
		{7DE67A5A-508C-4A26-A062-F8AD2A40DE62}.Debug|Any CPU.ActiveCfg = Debug|Any CPU
		{7DE67A5A-508C-4A26-A062-F8AD2A40DE62}.Debug|Any CPU.Build.0 = Debug|Any CPU
		{7DE67A5A-508C-4A26-A062-F8AD2A40DE62}.Release|Any CPU.ActiveCfg = Release|Any CPU
		{7DE67A5A-508C-4A26-A062-F8AD2A40DE62}.Release|Any CPU.Build.0 = Release|Any CPU
	EndGlobalSection
	GlobalSection(SolutionProperties) = preSolution
		HideSolutionNode = FALSE
	EndGlobalSection
	GlobalSection(ExtensibilityGlobals) = postSolution
		SolutionGuid = {F92C8C3B-F361-42F3-BE37-56DACC964B02}
	EndGlobalSection
EndGlobal
